
Microsoft Visual Studio Solution File, Format Version 12.00
# Visual Studio Version 17
VisualStudioVersion = 17.7.34202.233
MinimumVisualStudioVersion = 10.0.40219.1
Project("{FAE04EC0-301F-11D3-BF4B-00C04F79EFBC}") = "ClientFrontEnd", "ClientFrontEnd.csproj", "{0C080736-E1A9-443B-87B7-B1122447E9D4}"
EndProject
Global
	GlobalSection(SolutionConfigurationPlatforms) = preSolution
		Debug|Any CPU = Debug|Any CPU
		Release|Any CPU = Release|Any CPU
	EndGlobalSection
	GlobalSection(ProjectConfigurationPlatforms) = postSolution
		{0C080736-E1A9-443B-87B7-B1122447E9D4}.Debug|Any CPU.ActiveCfg = Debug|Any CPU
		{0C080736-E1A9-443B-87B7-B1122447E9D4}.Debug|Any CPU.Build.0 = Debug|Any CPU
		{0C080736-E1A9-443B-87B7-B1122447E9D4}.Release|Any CPU.ActiveCfg = Release|Any CPU
		{0C080736-E1A9-443B-87B7-B1122447E9D4}.Release|Any CPU.Build.0 = Release|Any CPU
	EndGlobalSection
	GlobalSection(SolutionProperties) = preSolution
		HideSolutionNode = FALSE
	EndGlobalSection
	GlobalSection(ExtensibilityGlobals) = postSolution
		SolutionGuid = {98437691-782B-41C3-B73A-10269F7C843B}
	EndGlobalSection
EndGlobal
